
Microsoft Visual Studio Solution File, Format Version 12.00
# Visual Studio Version 17
VisualStudioVersion = 17.1.32228.430
MinimumVisualStudioVersion = 10.0.40219.1
Project("{FAE04EC0-301F-11D3-BF4B-00C04F79EFBC}") = "Devs2Blu.ProjetosAula4.RevisaoCondicionais", "Devs2Blu.ProjetosAula4.RevisaoCondicionais\Devs2Blu.ProjetosAula4.RevisaoCondicionais.csproj", "{4BF90612-29B6-4605-BA69-2C8138067F78}"
EndProject
Global
	GlobalSection(SolutionConfigurationPlatforms) = preSolution
		Debug|Any CPU = Debug|Any CPU
		Release|Any CPU = Release|Any CPU
	EndGlobalSection
	GlobalSection(ProjectConfigurationPlatforms) = postSolution
		{4BF90612-29B6-4605-BA69-2C8138067F78}.Debug|Any CPU.ActiveCfg = Debug|Any CPU
		{4BF90612-29B6-4605-BA69-2C8138067F78}.Debug|Any CPU.Build.0 = Debug|Any CPU
		{4BF90612-29B6-4605-BA69-2C8138067F78}.Release|Any CPU.ActiveCfg = Release|Any CPU
		{4BF90612-29B6-4605-BA69-2C8138067F78}.Release|Any CPU.Build.0 = Release|Any CPU
	EndGlobalSection
	GlobalSection(SolutionProperties) = preSolution
		HideSolutionNode = FALSE
	EndGlobalSection
	GlobalSection(ExtensibilityGlobals) = postSolution
		SolutionGuid = {A3110259-4F1C-4C54-A96C-0C1E3C86A57E}
	EndGlobalSection
EndGlobal
